// !$*UTF8*$!
{
	archiveVersion = 1;
	classes = {
	};
	objectVersion = 50;
	objects = {

/* Begin PBXBuildFile section */
		5745779020B9069F0088F4C1 /* AppDelegate.swift in Sources */ = {isa = PBXBuildFile; fileRef = 5745778F20B9069F0088F4C1 /* AppDelegate.swift */; };
		5745779220B9069F0088F4C1 /* ViewController.swift in Sources */ = {isa = PBXBuildFile; fileRef = 5745779120B9069F0088F4C1 /* ViewController.swift */; };
		5745779520B9069F0088F4C1 /* Main.storyboard in Resources */ = {isa = PBXBuildFile; fileRef = 5745779320B9069F0088F4C1 /* Main.storyboard */; };
		5745779720B906A00088F4C1 /* Assets.xcassets in Resources */ = {isa = PBXBuildFile; fileRef = 5745779620B906A00088F4C1 /* Assets.xcassets */; };
		5745779A20B906A00088F4C1 /* LaunchScreen.storyboard in Resources */ = {isa = PBXBuildFile; fileRef = 5745779820B906A00088F4C1 /* LaunchScreen.storyboard */; };
		574577A220B906AC0088F4C1 /* TableViewCell.swift in Sources */ = {isa = PBXBuildFile; fileRef = 574577A120B906AC0088F4C1 /* TableViewCell.swift */; };
		574577A420B906E20088F4C1 /* TableViewController.swift in Sources */ = {isa = PBXBuildFile; fileRef = 574577A320B906E20088F4C1 /* TableViewController.swift */; };
/* End PBXBuildFile section */

/* Begin PBXFileReference section */
		5745778C20B9069F0088F4C1 /* cellToCell.app */ = {isa = PBXFileReference; explicitFileType = wrapper.application; includeInIndex = 0; path = cellToCell.app; sourceTree = BUILT_PRODUCTS_DIR; };
		5745778F20B9069F0088F4C1 /* AppDelegate.swift */ = {isa = PBXFileReference; lastKnownFileType = sourcecode.swift; path = AppDelegate.swift; sourceTree = "<group>"; };
		5745779120B9069F0088F4C1 /* ViewController.swift */ = {isa = PBXFileReference; lastKnownFileType = sourcecode.swift; path = ViewController.swift; sourceTree = "<group>"; };
		5745779420B9069F0088F4C1 /* Base */ = {isa = PBXFileReference; lastKnownFileType = file.storyboard; name = Base; path = Base.lproj/Main.storyboard; sourceTree = "<group>"; };
		5745779620B906A00088F4C1 /* Assets.xcassets */ = {isa = PBXFileReference; lastKnownFileType = folder.assetcatalog; path = Assets.xcassets; sourceTree = "<group>"; };
		5745779920B906A00088F4C1 /* Base */ = {isa = PBXFileReference; lastKnownFileType = file.storyboard; name = Base; path = Base.lproj/LaunchScreen.storyboard; sourceTree = "<group>"; };
		5745779B20B906A00088F4C1 /* Info.plist */ = {isa = PBXFileReference; lastKnownFileType = text.plist.xml; path = Info.plist; sourceTree = "<group>"; };
		574577A120B906AC0088F4C1 /* TableViewCell.swift */ = {isa = PBXFileReference; lastKnownFileType = sourcecode.swift; path = TableViewCell.swift; sourceTree = "<group>"; };
		574577A320B906E20088F4C1 /* TableViewController.swift */ = {isa = PBXFileReference; lastKnownFileType = sourcecode.swift; path = TableViewController.swift; sourceTree = "<group>"; };
/* End PBXFileReference section */

/* Begin PBXFrameworksBuildPhase section */
		5745778920B9069F0088F4C1 /* Frameworks */ = {
			isa = PBXFrameworksBuildPhase;
			buildActionMask = 2147483647;
			files = (
			);
			runOnlyForDeploymentPostprocessing = 0;
		};
/* End PBXFrameworksBuildPhase section */

/* Begin PBXGroup section */
		5745778320B9069F0088F4C1 = {
			isa = PBXGroup;
			children = (
				5745778E20B9069F0088F4C1 /* cellToCell */,
				5745778D20B9069F0088F4C1 /* Products */,
			);
			sourceTree = "<group>";
		};
		5745778D20B9069F0088F4C1 /* Products */ = {
			isa = PBXGroup;
			children = (
				5745778C20B9069F0088F4C1 /* cellToCell.app */,
			);
			name = Products;
			sourceTree = "<group>";
		};
		5745778E20B9069F0088F4C1 /* cellToCell */ = {
			isa = PBXGroup;
			children = (
				5745778F20B9069F0088F4C1 /* AppDelegate.swift */,
				5745779120B9069F0088F4C1 /* ViewController.swift */,
				574577A120B906AC0088F4C1 /* TableViewCell.swift */,
				574577A320B906E20088F4C1 /* TableViewController.swift */,
				5745779320B9069F0088F4C1 /* Main.storyboard */,
				5745779620B906A00088F4C1 /* Assets.xcassets */,
				5745779820B906A00088F4C1 /* LaunchScreen.storyboard */,
				5745779B20B906A00088F4C1 /* Info.plist */,
			);
			path = cellToCell;
			sourceTree = "<group>";
		};
/* End PBXGroup section */

/* Begin PBXNativeTarget section */
		5745778B20B9069F0088F4C1 /* cellToCell */ = {
			isa = PBXNativeTarget;
			buildConfigurationList = 5745779E20B906A00088F4C1 /* Build configuration list for PBXNativeTarget "cellToCell" */;
			buildPhases = (
				5745778820B9069F0088F4C1 /* Sources */,
				5745778920B9069F0088F4C1 /* Frameworks */,
				5745778A20B9069F0088F4C1 /* Resources */,
			);
			buildRules = (
			);
			dependencies = (
			);
			name = cellToCell;
			productName = cellToCell;
			productReference = 5745778C20B9069F0088F4C1 /* cellToCell.app */;
			productType = "com.apple.product-type.application";
		};
/* End PBXNativeTarget section */

/* Begin PBXProject section */
		5745778420B9069F0088F4C1 /* Project object */ = {
			isa = PBXProject;
			attributes = {
				LastSwiftUpdateCheck = 0930;
				LastUpgradeCheck = 0930;
				ORGANIZATIONNAME = "nguyễn hữu đạt";
				TargetAttributes = {
					5745778B20B9069F0088F4C1 = {
						CreatedOnToolsVersion = 9.3;
					};
				};
			};
			buildConfigurationList = 5745778720B9069F0088F4C1 /* Build configuration list for PBXProject "cellToCell" */;
			compatibilityVersion = "Xcode 9.3";
			developmentRegion = en;
			hasScannedForEncodings = 0;
			knownRegions = (
				en,
				Base,
			);
			mainGroup = 5745778320B9069F0088F4C1;
			productRefGroup = 5745778D20B9069F0088F4C1 /* Products */;
			projectDirPath = "";
			projectRoot = "";
			targets = (
				5745778B20B9069F0088F4C1 /* cellToCell */,
			);
		};
/* End PBXProject section */

/* Begin PBXResourcesBuildPhase section */
		5745778A20B9069F0088F4C1 /* Resources */ = {
			isa = PBXResourcesBuildPhase;
			buildActionMask = 2147483647;
			files = (
				5745779A20B906A00088F4C1 /* LaunchScreen.storyboard in Resources */,
				5745779720B906A00088F4C1 /* Assets.xcassets in Resources */,
				5745779520B9069F0088F4C1 /* Main.storyboard in Resources */,
			);
			runOnlyForDeploymentPostprocessing = 0;
		};
/* End PBXResourcesBuildPhase section */

/* Begin PBXSourcesBuildPhase section */
		5745778820B9069F0088F4C1 /* Sources */ = {
			isa = PBXSourcesBuildPhase;
			buildActionMask = 2147483647;
			files = (
				574577A220B906AC0088F4C1 /* TableViewCell.swift in Sources */,
				5745779220B9069F0088F4C1 /* ViewController.swift in Sources */,
				5745779020B9069F0088F4C1 /* AppDelegate.swift in Sources */,
				574577A420B906E20088F4C1 /* TableViewController.swift in Sources */,
			);
			runOnlyForDeploymentPostprocessing = 0;
		};
/* End PBXSourcesBuildPhase section */

/* Begin PBXVariantGroup section */
		5745779320B9069F0088F4C1 /* Main.storyboard */ = {
			isa = PBXVariantGroup;
			children = (
				5745779420B9069F0088F4C1 /* Base */,
			);
			name = Main.storyboard;
			sourceTree = "<group>";
		};
		5745779820B906A00088F4C1 /* LaunchScreen.storyboard */ = {
			isa = PBXVariantGroup;
			children = (
				5745779920B906A00088F4C1 /* Base */,
			);
			name = LaunchScreen.storyboard;
			sourceTree = "<group>";
		};
/* End PBXVariantGroup section */

/* Begin XCBuildConfiguration section */
		5745779C20B906A00088F4C1 /* Debug */ = {
			isa = XCBuildConfiguration;
			buildSettings = {
				ALWAYS_SEARCH_USER_PATHS = NO;
				CLANG_ANALYZER_NONNULL = YES;
				CLANG_ANALYZER_NUMBER_OBJECT_CONVERSION = YES_AGGRESSIVE;
				CLANG_CXX_LANGUAGE_STANDARD = "gnu++14";
				CLANG_CXX_LIBRARY = "libc++";
				CLANG_ENABLE_MODULES = YES;
				CLANG_ENABLE_OBJC_ARC = YES;
				CLANG_ENABLE_OBJC_WEAK = YES;
				CLANG_WARN_BLOCK_CAPTURE_AUTORELEASING = YES;
				CLANG_WARN_BOOL_CONVERSION = YES;
				CLANG_WARN_COMMA = YES;
				CLANG_WARN_CONSTANT_CONVERSION = YES;
				CLANG_WARN_DEPRECATED_OBJC_IMPLEMENTATIONS = YES;
				CLANG_WARN_DIRECT_OBJC_ISA_USAGE = YES_ERROR;
				CLANG_WARN_DOCUMENTATION_COMMENTS = YES;
				CLANG_WARN_EMPTY_BODY = YES;
				CLANG_WARN_ENUM_CONVERSION = YES;
				CLANG_WARN_INFINITE_RECURSION = YES;
				CLANG_WARN_INT_CONVERSION = YES;
				CLANG_WARN_NON_LITERAL_NULL_CONVERSION = YES;
				CLANG_WARN_OBJC_IMPLICIT_RETAIN_SELF = YES;
				CLANG_WARN_OBJC_LITERAL_CONVERSION = YES;
				CLANG_WARN_OBJC_ROOT_CLASS = YES_ERROR;
				CLANG_WARN_RANGE_LOOP_ANALYSIS = YES;
				CLANG_WARN_STRICT_PROTOTYPES = YES;
				CLANG_WARN_SUSPICIOUS_MOVE = YES;
				CLANG_WARN_UNGUARDED_AVAILABILITY = YES_AGGRESSIVE;
				CLANG_WARN_UNREACHABLE_CODE = YES;
				CLANG_WARN__DUPLICATE_METHOD_MATCH = YES;
				CODE_SIGN_IDENTITY = "iPhone Developer";
				COPY_PHASE_STRIP = NO;
				DEBUG_INFORMATION_FORMAT = dwarf;
				ENABLE_STRICT_OBJC_MSGSEND = YES;
				ENABLE_TESTABILITY = YES;
				GCC_C_LANGUAGE_STANDARD = gnu11;
				GCC_DYNAMIC_NO_PIC = NO;
				GCC_NO_COMMON_BLOCKS = YES;
				GCC_OPTIMIZATION_LEVEL = 0;
				GCC_PREPROCESSOR_DEFINITIONS = (
					"DEBUG=1",
					"$(inherited)",
				);
				GCC_WARN_64_TO_32_BIT_CONVERSION = YES;
				GCC_WARN_ABOUT_RETURN_TYPE = YES_ERROR;
				GCC_WARN_UNDECLARED_SELECTOR = YES;
				GCC_WARN_UNINITIALIZED_AUTOS = YES_AGGRESSIVE;
				GCC_WARN_UNUSED_FUNCTION = YES;
				GCC_WARN_UNUSED_VARIABLE = YES;
				IPHONEOS_DEPLOYMENT_TARGET = 11.3;
				MTL_ENABLE_DEBUG_INFO = YES;
				ONLY_ACTIVE_ARCH = YES;
				SDKROOT = iphoneos;
				SWIFT_ACTIVE_COMPILATION_CONDITIONS = DEBUG;
				SWIFT_OPTIMIZATION_LEVEL = "-Onone";
			};
			name = Debug;
		};
		5745779D20B906A00088F4C1 /* Release */ = {
			isa = XCBuildConfiguration;
			buildSettings = {
				ALWAYS_SEARCH_USER_PATHS = NO;
				CLANG_ANALYZER_NONNULL = YES;
				CLANG_ANALYZER_NUMBER_OBJECT_CONVERSION = YES_AGGRESSIVE;
				CLANG_CXX_LANGUAGE_STANDARD = "gnu++14";
				CLANG_CXX_LIBRARY = "libc++";
				CLANG_ENABLE_MODULES = YES;
				CLANG_ENABLE_OBJC_ARC = YES;
				CLANG_ENABLE_OBJC_WEAK = YES;
				CLANG_WARN_BLOCK_CAPTURE_AUTORELEASING = YES;
				CLANG_WARN_BOOL_CONVERSION = YES;
				CLANG_WARN_COMMA = YES;
				CLANG_WARN_CONSTANT_CONVERSION = YES;
				CLANG_WARN_DEPRECATED_OBJC_IMPLEMENTATIONS = YES;
				CLANG_WARN_DIRECT_OBJC_ISA_USAGE = YES_ERROR;
				CLANG_WARN_DOCUMENTATION_COMMENTS = YES;
				CLANG_WARN_EMPTY_BODY = YES;
				CLANG_WARN_ENUM_CONVERSION = YES;
				CLANG_WARN_INFINITE_RECURSION = YES;
				CLANG_WARN_INT_CONVERSION = YES;
				CLANG_WARN_NON_LITERAL_NULL_CONVERSION = YES;
				CLANG_WARN_OBJC_IMPLICIT_RETAIN_SELF = YES;
				CLANG_WARN_OBJC_LITERAL_CONVERSION = YES;
				CLANG_WARN_OBJC_ROOT_CLASS = YES_ERROR;
				CLANG_WARN_RANGE_LOOP_ANALYSIS = YES;
				CLANG_WARN_STRICT_PROTOTYPES = YES;
				CLANG_WARN_SUSPICIOUS_MOVE = YES;
				CLANG_WARN_UNGUARDED_AVAILABILITY = YES_AGGRESSIVE;
				CLANG_WARN_UNREACHABLE_CODE = YES;
				CLANG_WARN__DUPLICATE_METHOD_MATCH = YES;
				CODE_SIGN_IDENTITY = "iPhone Developer";
				COPY_PHASE_STRIP = NO;
				DEBUG_INFORMATION_FORMAT = "dwarf-with-dsym";
				ENABLE_NS_ASSERTIONS = NO;
				ENABLE_STRICT_OBJC_MSGSEND = YES;
				GCC_C_LANGUAGE_STANDARD = gnu11;
				GCC_NO_COMMON_BLOCKS = YES;
				GCC_WARN_64_TO_32_BIT_CONVERSION = YES;
				GCC_WARN_ABOUT_RETURN_TYPE = YES_ERROR;
				GCC_WARN_UNDECLARED_SELECTOR = YES;
				GCC_WARN_UNINITIALIZED_AUTOS = YES_AGGRESSIVE;
				GCC_WARN_UNUSED_FUNCTION = YES;
				GCC_WARN_UNUSED_VARIABLE = YES;
				IPHONEOS_DEPLOYMENT_TARGET = 11.3;
				MTL_ENABLE_DEBUG_INFO = NO;
				SDKROOT = iphoneos;
				SWIFT_COMPILATION_MODE = wholemodule;
				SWIFT_OPTIMIZATION_LEVEL = "-O";
				VALIDATE_PRODUCT = YES;
			};
			name = Release;
		};
		5745779F20B906A00088F4C1 /* Debug */ = {
			isa = XCBuildConfiguration;
			buildSettings = {
				ASSETCATALOG_COMPILER_APPICON_NAME = AppIcon;
				CODE_SIGN_STYLE = Automatic;
				INFOPLIST_FILE = cellToCell/Info.plist;
				LD_RUNPATH_SEARCH_PATHS = (
					"$(inherited)",
					"@executable_path/Frameworks",
				);
				PRODUCT_BUNDLE_IDENTIFIER = com.BigZero.cellToCell;
				PRODUCT_NAME = "$(TARGET_NAME)";
				SWIFT_VERSION = 4.0;
				TARGETED_DEVICE_FAMILY = "1,2";
			};
			name = Debug;
		};
		574577A020B906A00088F4C1 /* Release */ = {
			isa = XCBuildConfiguration;
			buildSettings = {
				ASSETCATALOG_COMPILER_APPICON_NAME = AppIcon;
				CODE_SIGN_STYLE = Automatic;
				INFOPLIST_FILE = cellToCell/Info.plist;
				LD_RUNPATH_SEARCH_PATHS = (
					"$(inherited)",
					"@executable_path/Frameworks",
				);
				PRODUCT_BUNDLE_IDENTIFIER = com.BigZero.cellToCell;
				PRODUCT_NAME = "$(TARGET_NAME)";
				SWIFT_VERSION = 4.0;
				TARGETED_DEVICE_FAMILY = "1,2";
			};
			name = Release;
		};
/* End XCBuildConfiguration section */

/* Begin XCConfigurationList section */
		5745778720B9069F0088F4C1 /* Build configuration list for PBXProject "cellToCell" */ = {
			isa = XCConfigurationList;
			buildConfigurations = (
				5745779C20B906A00088F4C1 /* Debug */,
				5745779D20B906A00088F4C1 /* Release */,
			);
			defaultConfigurationIsVisible = 0;
			defaultConfigurationName = Release;
		};
		5745779E20B906A00088F4C1 /* Build configuration list for PBXNativeTarget "cellToCell" */ = {
			isa = XCConfigurationList;
			buildConfigurations = (
				5745779F20B906A00088F4C1 /* Debug */,
				574577A020B906A00088F4C1 /* Release */,
			);
			defaultConfigurationIsVisible = 0;
			defaultConfigurationName = Release;
		};
/* End XCConfigurationList section */
	};
	rootObject = 5745778420B9069F0088F4C1 /* Project object */;
}
